
Microsoft Visual Studio Solution File, Format Version 12.00
# Visual Studio 2013
VisualStudioVersion = 12.0.31101.0
MinimumVisualStudioVersion = 10.0.40219.1
Project("{FAE04EC0-301F-11D3-BF4B-00C04F79EFBC}") = "spring2015", "spring2015\spring2015.csproj", "{6B3CEAC6-1E92-48E9-B3C2-5FA9AB62793D}"
EndProject
Project("{2150E333-8FDC-42A3-9474-1A3956D46DE8}") = "Solution Items", "Solution Items", "{61B881E6-6B93-408E-A2DD-0DCCE85904CF}"
	ProjectSection(SolutionItems) = preProject
		Readme.md = Readme.md
	EndProjectSection
EndProject
Global
	GlobalSection(SolutionConfigurationPlatforms) = preSolution
		Debug|Any CPU = Debug|Any CPU
		Release|Any CPU = Release|Any CPU
	EndGlobalSection
	GlobalSection(ProjectConfigurationPlatforms) = postSolution
		{6B3CEAC6-1E92-48E9-B3C2-5FA9AB62793D}.Debug|Any CPU.ActiveCfg = Debug|Any CPU
		{6B3CEAC6-1E92-48E9-B3C2-5FA9AB62793D}.Debug|Any CPU.Build.0 = Debug|Any CPU
		{6B3CEAC6-1E92-48E9-B3C2-5FA9AB62793D}.Release|Any CPU.ActiveCfg = Release|Any CPU
		{6B3CEAC6-1E92-48E9-B3C2-5FA9AB62793D}.Release|Any CPU.Build.0 = Release|Any CPU
	EndGlobalSection
	GlobalSection(SolutionProperties) = preSolution
		HideSolutionNode = FALSE
	EndGlobalSection
EndGlobal
